dependencies:
- name: authentication-service
  repository: https://redestroyder.github.io/helm-charts/
  version: 0.2.0
- name: business-service
  repository: https://redestroyder.github.io/helm-charts/
  version: 0.2.0
- name: postgresql
  repository: https://charts.bitnami.com/bitnami
  version: 11.0.6
digest: sha256:01919f4f7562ccc30390dfe0c91c2e2193077556914b5f728a6e7cc5d193cdb6
generated: "2022-02-18T18:45:38.450974025+03:00"
